
Microsoft Visual Studio Solution File, Format Version 12.00
# Visual Studio 2013
VisualStudioVersion = 12.0.21005.1
MinimumVisualStudioVersion = 10.0.40219.1
Project("{8BC9CEB8-8B4A-11D0-8D11-00A0C91BC942}") = "Zlib", "projects\Zlib\Zlib.vcxproj", "{D0566120-2464-4CB2-916D-62C3A0C9539B}"
EndProject
Project("{8BC9CEB8-8B4A-11D0-8D11-00A0C91BC942}") = "MemoryPool", "projects\MemoryPool\MemoryPool.vcxproj", "{5B4FCBDD-7B75-466F-9A0C-A722B7D86404}"
EndProject
Project("{8BC9CEB8-8B4A-11D0-8D11-00A0C91BC942}") = "MoreFlexibleMemoryPool", "projects\MoreFlexibleMemoryPool\MoreFlexibleMemoryPool.vcxproj", "{AB192FAE-D4A7-4E98-BF75-5240BDA1BB4D}"
EndProject
Project("{8BC9CEB8-8B4A-11D0-8D11-00A0C91BC942}") = "SimpleConfigurationManager", "projects\SimpleConfigurationManager\SimpleConfigurationManager.vcxproj", "{37EE517C-6E01-4DE2-95B8-8FAD502A6E5E}"
EndProject
Project("{8BC9CEB8-8B4A-11D0-8D11-00A0C91BC942}") = "ReferenceCounter", "projects\ReferenceCounter\ReferenceCounter.vcxproj", "{72B1F390-86E7-4BB7-A6BA-C3D9ADD32D44}"
EndProject
Project("{8BC9CEB8-8B4A-11D0-8D11-00A0C91BC942}") = "StateMachine", "StateMachine\StateMachine.vcxproj", "{115634C6-72BF-4FBC-BEB8-0C9714CF4DC7}"
EndProject
Global
	GlobalSection(SolutionConfigurationPlatforms) = preSolution
		Debug|Mixed Platforms = Debug|Mixed Platforms
		Debug|Win32 = Debug|Win32
		Debug|x64 = Debug|x64
		Debug|x86 = Debug|x86
		Release|Mixed Platforms = Release|Mixed Platforms
		Release|Win32 = Release|Win32
		Release|x64 = Release|x64
		Release|x86 = Release|x86
	EndGlobalSection
	GlobalSection(ProjectConfigurationPlatforms) = postSolution
		{D0566120-2464-4CB2-916D-62C3A0C9539B}.Debug|Mixed Platforms.ActiveCfg = Debug|Win32
		{D0566120-2464-4CB2-916D-62C3A0C9539B}.Debug|Mixed Platforms.Build.0 = Debug|Win32
		{D0566120-2464-4CB2-916D-62C3A0C9539B}.Debug|Win32.ActiveCfg = Debug|Win32
		{D0566120-2464-4CB2-916D-62C3A0C9539B}.Debug|Win32.Build.0 = Debug|Win32
		{D0566120-2464-4CB2-916D-62C3A0C9539B}.Debug|x64.ActiveCfg = Debug|x64
		{D0566120-2464-4CB2-916D-62C3A0C9539B}.Debug|x64.Build.0 = Debug|x64
		{D0566120-2464-4CB2-916D-62C3A0C9539B}.Debug|x86.ActiveCfg = Debug|Win32
		{D0566120-2464-4CB2-916D-62C3A0C9539B}.Debug|x86.Build.0 = Debug|Win32
		{D0566120-2464-4CB2-916D-62C3A0C9539B}.Release|Mixed Platforms.ActiveCfg = Release|Win32
		{D0566120-2464-4CB2-916D-62C3A0C9539B}.Release|Mixed Platforms.Build.0 = Release|Win32
		{D0566120-2464-4CB2-916D-62C3A0C9539B}.Release|Win32.ActiveCfg = Release|Win32
		{D0566120-2464-4CB2-916D-62C3A0C9539B}.Release|Win32.Build.0 = Release|Win32
		{D0566120-2464-4CB2-916D-62C3A0C9539B}.Release|x64.ActiveCfg = Release|x64
		{D0566120-2464-4CB2-916D-62C3A0C9539B}.Release|x64.Build.0 = Release|x64
		{D0566120-2464-4CB2-916D-62C3A0C9539B}.Release|x86.ActiveCfg = Release|Win32
		{D0566120-2464-4CB2-916D-62C3A0C9539B}.Release|x86.Build.0 = Release|Win32
		{5B4FCBDD-7B75-466F-9A0C-A722B7D86404}.Debug|Mixed Platforms.ActiveCfg = Debug|Win32
		{5B4FCBDD-7B75-466F-9A0C-A722B7D86404}.Debug|Mixed Platforms.Build.0 = Debug|Win32
		{5B4FCBDD-7B75-466F-9A0C-A722B7D86404}.Debug|Win32.ActiveCfg = Debug|Win32
		{5B4FCBDD-7B75-466F-9A0C-A722B7D86404}.Debug|Win32.Build.0 = Debug|Win32
		{5B4FCBDD-7B75-466F-9A0C-A722B7D86404}.Debug|x64.ActiveCfg = Debug|x64
		{5B4FCBDD-7B75-466F-9A0C-A722B7D86404}.Debug|x64.Build.0 = Debug|x64
		{5B4FCBDD-7B75-466F-9A0C-A722B7D86404}.Debug|x86.ActiveCfg = Debug|Win32
		{5B4FCBDD-7B75-466F-9A0C-A722B7D86404}.Debug|x86.Build.0 = Debug|Win32
		{5B4FCBDD-7B75-466F-9A0C-A722B7D86404}.Release|Mixed Platforms.ActiveCfg = Release|Win32
		{5B4FCBDD-7B75-466F-9A0C-A722B7D86404}.Release|Mixed Platforms.Build.0 = Release|Win32
		{5B4FCBDD-7B75-466F-9A0C-A722B7D86404}.Release|Win32.ActiveCfg = Release|Win32
		{5B4FCBDD-7B75-466F-9A0C-A722B7D86404}.Release|Win32.Build.0 = Release|Win32
		{5B4FCBDD-7B75-466F-9A0C-A722B7D86404}.Release|x64.ActiveCfg = Release|x64
		{5B4FCBDD-7B75-466F-9A0C-A722B7D86404}.Release|x64.Build.0 = Release|x64
		{5B4FCBDD-7B75-466F-9A0C-A722B7D86404}.Release|x86.ActiveCfg = Release|Win32
		{5B4FCBDD-7B75-466F-9A0C-A722B7D86404}.Release|x86.Build.0 = Release|Win32
		{AB192FAE-D4A7-4E98-BF75-5240BDA1BB4D}.Debug|Mixed Platforms.ActiveCfg = Debug|Win32
		{AB192FAE-D4A7-4E98-BF75-5240BDA1BB4D}.Debug|Mixed Platforms.Build.0 = Debug|Win32
		{AB192FAE-D4A7-4E98-BF75-5240BDA1BB4D}.Debug|Win32.ActiveCfg = Debug|Win32
		{AB192FAE-D4A7-4E98-BF75-5240BDA1BB4D}.Debug|Win32.Build.0 = Debug|Win32
		{AB192FAE-D4A7-4E98-BF75-5240BDA1BB4D}.Debug|x64.ActiveCfg = Debug|x64
		{AB192FAE-D4A7-4E98-BF75-5240BDA1BB4D}.Debug|x64.Build.0 = Debug|x64
		{AB192FAE-D4A7-4E98-BF75-5240BDA1BB4D}.Debug|x86.ActiveCfg = Debug|Win32
		{AB192FAE-D4A7-4E98-BF75-5240BDA1BB4D}.Debug|x86.Build.0 = Debug|Win32
		{AB192FAE-D4A7-4E98-BF75-5240BDA1BB4D}.Release|Mixed Platforms.ActiveCfg = Release|Win32
		{AB192FAE-D4A7-4E98-BF75-5240BDA1BB4D}.Release|Mixed Platforms.Build.0 = Release|Win32
		{AB192FAE-D4A7-4E98-BF75-5240BDA1BB4D}.Release|Win32.ActiveCfg = Release|Win32
		{AB192FAE-D4A7-4E98-BF75-5240BDA1BB4D}.Release|Win32.Build.0 = Release|Win32
		{AB192FAE-D4A7-4E98-BF75-5240BDA1BB4D}.Release|x64.ActiveCfg = Release|x64
		{AB192FAE-D4A7-4E98-BF75-5240BDA1BB4D}.Release|x64.Build.0 = Release|x64
		{AB192FAE-D4A7-4E98-BF75-5240BDA1BB4D}.Release|x86.ActiveCfg = Release|Win32
		{AB192FAE-D4A7-4E98-BF75-5240BDA1BB4D}.Release|x86.Build.0 = Release|Win32
		{37EE517C-6E01-4DE2-95B8-8FAD502A6E5E}.Debug|Mixed Platforms.ActiveCfg = Debug|Win32
		{37EE517C-6E01-4DE2-95B8-8FAD502A6E5E}.Debug|Mixed Platforms.Build.0 = Debug|Win32
		{37EE517C-6E01-4DE2-95B8-8FAD502A6E5E}.Debug|Win32.ActiveCfg = Debug|Win32
		{37EE517C-6E01-4DE2-95B8-8FAD502A6E5E}.Debug|Win32.Build.0 = Debug|Win32
		{37EE517C-6E01-4DE2-95B8-8FAD502A6E5E}.Debug|x64.ActiveCfg = Debug|x64
		{37EE517C-6E01-4DE2-95B8-8FAD502A6E5E}.Debug|x64.Build.0 = Debug|x64
		{37EE517C-6E01-4DE2-95B8-8FAD502A6E5E}.Debug|x86.ActiveCfg = Debug|Win32
		{37EE517C-6E01-4DE2-95B8-8FAD502A6E5E}.Debug|x86.Build.0 = Debug|Win32
		{37EE517C-6E01-4DE2-95B8-8FAD502A6E5E}.Release|Mixed Platforms.ActiveCfg = Release|Win32
		{37EE517C-6E01-4DE2-95B8-8FAD502A6E5E}.Release|Mixed Platforms.Build.0 = Release|Win32
		{37EE517C-6E01-4DE2-95B8-8FAD502A6E5E}.Release|Win32.ActiveCfg = Release|Win32
		{37EE517C-6E01-4DE2-95B8-8FAD502A6E5E}.Release|Win32.Build.0 = Release|Win32
		{37EE517C-6E01-4DE2-95B8-8FAD502A6E5E}.Release|x64.ActiveCfg = Release|x64
		{37EE517C-6E01-4DE2-95B8-8FAD502A6E5E}.Release|x64.Build.0 = Release|x64
		{37EE517C-6E01-4DE2-95B8-8FAD502A6E5E}.Release|x86.ActiveCfg = Release|Win32
		{37EE517C-6E01-4DE2-95B8-8FAD502A6E5E}.Release|x86.Build.0 = Release|Win32
		{72B1F390-86E7-4BB7-A6BA-C3D9ADD32D44}.Debug|Mixed Platforms.ActiveCfg = Debug|Win32
		{72B1F390-86E7-4BB7-A6BA-C3D9ADD32D44}.Debug|Mixed Platforms.Build.0 = Debug|Win32
		{72B1F390-86E7-4BB7-A6BA-C3D9ADD32D44}.Debug|Win32.ActiveCfg = Debug|Win32
		{72B1F390-86E7-4BB7-A6BA-C3D9ADD32D44}.Debug|Win32.Build.0 = Debug|Win32
		{72B1F390-86E7-4BB7-A6BA-C3D9ADD32D44}.Debug|x64.ActiveCfg = Debug|x64
		{72B1F390-86E7-4BB7-A6BA-C3D9ADD32D44}.Debug|x64.Build.0 = Debug|x64
		{72B1F390-86E7-4BB7-A6BA-C3D9ADD32D44}.Debug|x86.ActiveCfg = Debug|Win32
		{72B1F390-86E7-4BB7-A6BA-C3D9ADD32D44}.Debug|x86.Build.0 = Debug|Win32
		{72B1F390-86E7-4BB7-A6BA-C3D9ADD32D44}.Release|Mixed Platforms.ActiveCfg = Release|Win32
		{72B1F390-86E7-4BB7-A6BA-C3D9ADD32D44}.Release|Mixed Platforms.Build.0 = Release|Win32
		{72B1F390-86E7-4BB7-A6BA-C3D9ADD32D44}.Release|Win32.ActiveCfg = Release|Win32
		{72B1F390-86E7-4BB7-A6BA-C3D9ADD32D44}.Release|Win32.Build.0 = Release|Win32
		{72B1F390-86E7-4BB7-A6BA-C3D9ADD32D44}.Release|x64.ActiveCfg = Release|x64
		{72B1F390-86E7-4BB7-A6BA-C3D9ADD32D44}.Release|x64.Build.0 = Release|x64
		{72B1F390-86E7-4BB7-A6BA-C3D9ADD32D44}.Release|x86.ActiveCfg = Release|Win32
		{72B1F390-86E7-4BB7-A6BA-C3D9ADD32D44}.Release|x86.Build.0 = Release|Win32
		{115634C6-72BF-4FBC-BEB8-0C9714CF4DC7}.Debug|Mixed Platforms.ActiveCfg = Debug|Win32
		{115634C6-72BF-4FBC-BEB8-0C9714CF4DC7}.Debug|Mixed Platforms.Build.0 = Debug|Win32
		{115634C6-72BF-4FBC-BEB8-0C9714CF4DC7}.Debug|Win32.ActiveCfg = Debug|Win32
		{115634C6-72BF-4FBC-BEB8-0C9714CF4DC7}.Debug|Win32.Build.0 = Debug|Win32
		{115634C6-72BF-4FBC-BEB8-0C9714CF4DC7}.Debug|x64.ActiveCfg = Debug|Win32
		{115634C6-72BF-4FBC-BEB8-0C9714CF4DC7}.Debug|x86.ActiveCfg = Debug|Win32
		{115634C6-72BF-4FBC-BEB8-0C9714CF4DC7}.Debug|x86.Build.0 = Debug|Win32
		{115634C6-72BF-4FBC-BEB8-0C9714CF4DC7}.Release|Mixed Platforms.ActiveCfg = Release|Win32
		{115634C6-72BF-4FBC-BEB8-0C9714CF4DC7}.Release|Mixed Platforms.Build.0 = Release|Win32
		{115634C6-72BF-4FBC-BEB8-0C9714CF4DC7}.Release|Win32.ActiveCfg = Release|Win32
		{115634C6-72BF-4FBC-BEB8-0C9714CF4DC7}.Release|Win32.Build.0 = Release|Win32
		{115634C6-72BF-4FBC-BEB8-0C9714CF4DC7}.Release|x64.ActiveCfg = Release|Win32
		{115634C6-72BF-4FBC-BEB8-0C9714CF4DC7}.Release|x86.ActiveCfg = Release|Win32
		{115634C6-72BF-4FBC-BEB8-0C9714CF4DC7}.Release|x86.Build.0 = Release|Win32
	EndGlobalSection
	GlobalSection(SolutionProperties) = preSolution
		HideSolutionNode = FALSE
	EndGlobalSection
EndGlobal
