
Microsoft Visual Studio Solution File, Format Version 12.00
# Visual Studio 14
VisualStudioVersion = 14.0.25420.1
MinimumVisualStudioVersion = 10.0.40219.1
Project("{8BC9CEB8-8B4A-11D0-8D11-00A0C91BC942}") = "Zlib", "projects\Zlib\Zlib.vcxproj", "{D0566120-2464-4CB2-916D-62C3A0C9539B}"
EndProject
Project("{8BC9CEB8-8B4A-11D0-8D11-00A0C91BC942}") = "MemoryPool", "projects\MemoryPool\MemoryPool.vcxproj", "{5B4FCBDD-7B75-466F-9A0C-A722B7D86404}"
EndProject
Global
	GlobalSection(SolutionConfigurationPlatforms) = preSolution
		Debug|x64 = Debug|x64
		Debug|x86 = Debug|x86
		Release|x64 = Release|x64
		Release|x86 = Release|x86
	EndGlobalSection
	GlobalSection(ProjectConfigurationPlatforms) = postSolution
		{D0566120-2464-4CB2-916D-62C3A0C9539B}.Debug|x64.ActiveCfg = Debug|x64
		{D0566120-2464-4CB2-916D-62C3A0C9539B}.Debug|x64.Build.0 = Debug|x64
		{D0566120-2464-4CB2-916D-62C3A0C9539B}.Debug|x86.ActiveCfg = Debug|Win32
		{D0566120-2464-4CB2-916D-62C3A0C9539B}.Debug|x86.Build.0 = Debug|Win32
		{D0566120-2464-4CB2-916D-62C3A0C9539B}.Release|x64.ActiveCfg = Release|x64
		{D0566120-2464-4CB2-916D-62C3A0C9539B}.Release|x64.Build.0 = Release|x64
		{D0566120-2464-4CB2-916D-62C3A0C9539B}.Release|x86.ActiveCfg = Release|Win32
		{D0566120-2464-4CB2-916D-62C3A0C9539B}.Release|x86.Build.0 = Release|Win32
		{5B4FCBDD-7B75-466F-9A0C-A722B7D86404}.Debug|x64.ActiveCfg = Debug|x64
		{5B4FCBDD-7B75-466F-9A0C-A722B7D86404}.Debug|x64.Build.0 = Debug|x64
		{5B4FCBDD-7B75-466F-9A0C-A722B7D86404}.Debug|x86.ActiveCfg = Debug|Win32
		{5B4FCBDD-7B75-466F-9A0C-A722B7D86404}.Debug|x86.Build.0 = Debug|Win32
		{5B4FCBDD-7B75-466F-9A0C-A722B7D86404}.Release|x64.ActiveCfg = Release|x64
		{5B4FCBDD-7B75-466F-9A0C-A722B7D86404}.Release|x64.Build.0 = Release|x64
		{5B4FCBDD-7B75-466F-9A0C-A722B7D86404}.Release|x86.ActiveCfg = Release|Win32
		{5B4FCBDD-7B75-466F-9A0C-A722B7D86404}.Release|x86.Build.0 = Release|Win32
	EndGlobalSection
	GlobalSection(SolutionProperties) = preSolution
		HideSolutionNode = FALSE
	EndGlobalSection
EndGlobal
